// !$*UTF8*$!
{
	archiveVersion = 1;
	classes = {
	};
	objectVersion = 50;
	objects = {

/* Begin PBXBuildFile section */
		5B7D1CF5246E501000D531DB /* AppDelegate.swift in Sources */ = {isa = PBXBuildFile; fileRef = 5B7D1CF4246E501000D531DB /* AppDelegate.swift */; };
		5B7D1CF7246E501000D531DB /* SceneDelegate.swift in Sources */ = {isa = PBXBuildFile; fileRef = 5B7D1CF6246E501000D531DB /* SceneDelegate.swift */; };
		5B7D1CF9246E501000D531DB /* ViewController.swift in Sources */ = {isa = PBXBuildFile; fileRef = 5B7D1CF8246E501000D531DB /* ViewController.swift */; };
		5B7D1CFC246E501000D531DB /* Main.storyboard in Resources */ = {isa = PBXBuildFile; fileRef = 5B7D1CFA246E501000D531DB /* Main.storyboard */; };
		5B7D1CFF246E501000D531DB /* Virtual_Tourist.xcdatamodeld in Sources */ = {isa = PBXBuildFile; fileRef = 5B7D1CFD246E501000D531DB /* Virtual_Tourist.xcdatamodeld */; };
		5B7D1D01246E501500D531DB /* Assets.xcassets in Resources */ = {isa = PBXBuildFile; fileRef = 5B7D1D00246E501500D531DB /* Assets.xcassets */; };
		5B7D1D04246E501500D531DB /* LaunchScreen.storyboard in Resources */ = {isa = PBXBuildFile; fileRef = 5B7D1D02246E501500D531DB /* LaunchScreen.storyboard */; };
		5B7D1D0D246E52BF00D531DB /* MapVC.swift in Sources */ = {isa = PBXBuildFile; fileRef = 5B7D1D0C246E52BF00D531DB /* MapVC.swift */; };
		5B7D1D10246E537300D531DB /* DataController.swift in Sources */ = {isa = PBXBuildFile; fileRef = 5B7D1D0F246E537300D531DB /* DataController.swift */; };
		5B7D1D12246E53D300D531DB /* PhotosVC.swift in Sources */ = {isa = PBXBuildFile; fileRef = 5B7D1D11246E53D300D531DB /* PhotosVC.swift */; };
		5B7D1D14246E53E500D531DB /* CLLocation+Equatable.swift in Sources */ = {isa = PBXBuildFile; fileRef = 5B7D1D13246E53E400D531DB /* CLLocation+Equatable.swift */; };
/* End PBXBuildFile section */

/* Begin PBXFileReference section */
		5B7D1CF1246E501000D531DB /* Virtual Tourist.app */ = {isa = PBXFileReference; explicitFileType = wrapper.application; includeInIndex = 0; path = "Virtual Tourist.app"; sourceTree = BUILT_PRODUCTS_DIR; };
		5B7D1CF4246E501000D531DB /* AppDelegate.swift */ = {isa = PBXFileReference; lastKnownFileType = sourcecode.swift; path = AppDelegate.swift; sourceTree = "<group>"; };
		5B7D1CF6246E501000D531DB /* SceneDelegate.swift */ = {isa = PBXFileReference; lastKnownFileType = sourcecode.swift; path = SceneDelegate.swift; sourceTree = "<group>"; };
		5B7D1CF8246E501000D531DB /* ViewController.swift */ = {isa = PBXFileReference; lastKnownFileType = sourcecode.swift; path = ViewController.swift; sourceTree = "<group>"; };
		5B7D1CFB246E501000D531DB /* Base */ = {isa = PBXFileReference; lastKnownFileType = file.storyboard; name = Base; path = Base.lproj/Main.storyboard; sourceTree = "<group>"; };
		5B7D1CFE246E501000D531DB /* Virtual_Tourist.xcdatamodel */ = {isa = PBXFileReference; lastKnownFileType = wrapper.xcdatamodel; path = Virtual_Tourist.xcdatamodel; sourceTree = "<group>"; };
		5B7D1D00246E501500D531DB /* Assets.xcassets */ = {isa = PBXFileReference; lastKnownFileType = folder.assetcatalog; path = Assets.xcassets; sourceTree = "<group>"; };
		5B7D1D03246E501500D531DB /* Base */ = {isa = PBXFileReference; lastKnownFileType = file.storyboard; name = Base; path = Base.lproj/LaunchScreen.storyboard; sourceTree = "<group>"; };
		5B7D1D05246E501500D531DB /* Info.plist */ = {isa = PBXFileReference; lastKnownFileType = text.plist.xml; path = Info.plist; sourceTree = "<group>"; };
		5B7D1D0C246E52BF00D531DB /* MapVC.swift */ = {isa = PBXFileReference; lastKnownFileType = sourcecode.swift; path = MapVC.swift; sourceTree = "<group>"; };
		5B7D1D0F246E537300D531DB /* DataController.swift */ = {isa = PBXFileReference; lastKnownFileType = sourcecode.swift; path = DataController.swift; sourceTree = "<group>"; };
		5B7D1D11246E53D300D531DB /* PhotosVC.swift */ = {isa = PBXFileReference; lastKnownFileType = sourcecode.swift; path = PhotosVC.swift; sourceTree = "<group>"; };
		5B7D1D13246E53E400D531DB /* CLLocation+Equatable.swift */ = {isa = PBXFileReference; fileEncoding = 4; lastKnownFileType = sourcecode.swift; path = "CLLocation+Equatable.swift"; sourceTree = "<group>"; };
/* End PBXFileReference section */

/* Begin PBXFrameworksBuildPhase section */
		5B7D1CEE246E501000D531DB /* Frameworks */ = {
			isa = PBXFrameworksBuildPhase;
			buildActionMask = 2147483647;
			files = (
			);
			runOnlyForDeploymentPostprocessing = 0;
		};
/* End PBXFrameworksBuildPhase section */

/* Begin PBXGroup section */
		5B7D1CE8246E501000D531DB = {
			isa = PBXGroup;
			children = (
				5B7D1CF3246E501000D531DB /* Virtual Tourist */,
				5B7D1CF2246E501000D531DB /* Products */,
			);
			sourceTree = "<group>";
		};
		5B7D1CF2246E501000D531DB /* Products */ = {
			isa = PBXGroup;
			children = (
				5B7D1CF1246E501000D531DB /* Virtual Tourist.app */,
			);
			name = Products;
			sourceTree = "<group>";
		};
		5B7D1CF3246E501000D531DB /* Virtual Tourist */ = {
			isa = PBXGroup;
			children = (
				5B7D1D15246E53E900D531DB /* Utilities */,
				5B7D1D0E246E536600D531DB /* Model */,
				5B7D1D0B246E52A700D531DB /* Controller */,
				5B7D1CF4246E501000D531DB /* AppDelegate.swift */,
				5B7D1CF6246E501000D531DB /* SceneDelegate.swift */,
				5B7D1CF8246E501000D531DB /* ViewController.swift */,
				5B7D1CFA246E501000D531DB /* Main.storyboard */,
				5B7D1D00246E501500D531DB /* Assets.xcassets */,
				5B7D1D02246E501500D531DB /* LaunchScreen.storyboard */,
				5B7D1D05246E501500D531DB /* Info.plist */,
				5B7D1CFD246E501000D531DB /* Virtual_Tourist.xcdatamodeld */,
			);
			path = "Virtual Tourist";
			sourceTree = "<group>";
		};
		5B7D1D0B246E52A700D531DB /* Controller */ = {
			isa = PBXGroup;
			children = (
				5B7D1D0C246E52BF00D531DB /* MapVC.swift */,
				5B7D1D11246E53D300D531DB /* PhotosVC.swift */,
			);
			path = Controller;
			sourceTree = "<group>";
		};
		5B7D1D0E246E536600D531DB /* Model */ = {
			isa = PBXGroup;
			children = (
				5B7D1D0F246E537300D531DB /* DataController.swift */,
			);
			path = Model;
			sourceTree = "<group>";
		};
		5B7D1D15246E53E900D531DB /* Utilities */ = {
			isa = PBXGroup;
			children = (
				5B7D1D13246E53E400D531DB /* CLLocation+Equatable.swift */,
			);
			path = Utilities;
			sourceTree = "<group>";
		};
/* End PBXGroup section */

/* Begin PBXNativeTarget section */
		5B7D1CF0246E501000D531DB /* Virtual Tourist */ = {
			isa = PBXNativeTarget;
			buildConfigurationList = 5B7D1D08246E501500D531DB /* Build configuration list for PBXNativeTarget "Virtual Tourist" */;
			buildPhases = (
				5B7D1CED246E501000D531DB /* Sources */,
				5B7D1CEE246E501000D531DB /* Frameworks */,
				5B7D1CEF246E501000D531DB /* Resources */,
			);
			buildRules = (
			);
			dependencies = (
			);
			name = "Virtual Tourist";
			productName = "Virtual Tourist";
			productReference = 5B7D1CF1246E501000D531DB /* Virtual Tourist.app */;
			productType = "com.apple.product-type.application";
		};
/* End PBXNativeTarget section */

/* Begin PBXProject section */
		5B7D1CE9246E501000D531DB /* Project object */ = {
			isa = PBXProject;
			attributes = {
				LastSwiftUpdateCheck = 1140;
				LastUpgradeCheck = 1140;
				ORGANIZATIONNAME = "Aaryan Kothari";
				TargetAttributes = {
					5B7D1CF0246E501000D531DB = {
						CreatedOnToolsVersion = 11.4;
					};
				};
			};
			buildConfigurationList = 5B7D1CEC246E501000D531DB /* Build configuration list for PBXProject "Virtual Tourist" */;
			compatibilityVersion = "Xcode 9.3";
			developmentRegion = en;
			hasScannedForEncodings = 0;
			knownRegions = (
				en,
				Base,
			);
			mainGroup = 5B7D1CE8246E501000D531DB;
			productRefGroup = 5B7D1CF2246E501000D531DB /* Products */;
			projectDirPath = "";
			projectRoot = "";
			targets = (
				5B7D1CF0246E501000D531DB /* Virtual Tourist */,
			);
		};
/* End PBXProject section */

/* Begin PBXResourcesBuildPhase section */
		5B7D1CEF246E501000D531DB /* Resources */ = {
			isa = PBXResourcesBuildPhase;
			buildActionMask = 2147483647;
			files = (
				5B7D1D04246E501500D531DB /* LaunchScreen.storyboard in Resources */,
				5B7D1D01246E501500D531DB /* Assets.xcassets in Resources */,
				5B7D1CFC246E501000D531DB /* Main.storyboard in Resources */,
			);
			runOnlyForDeploymentPostprocessing = 0;
		};
/* End PBXResourcesBuildPhase section */

/* Begin PBXSourcesBuildPhase section */
		5B7D1CED246E501000D531DB /* Sources */ = {
			isa = PBXSourcesBuildPhase;
			buildActionMask = 2147483647;
			files = (
				5B7D1D0D246E52BF00D531DB /* MapVC.swift in Sources */,
				5B7D1D10246E537300D531DB /* DataController.swift in Sources */,
				5B7D1D12246E53D300D531DB /* PhotosVC.swift in Sources */,
				5B7D1CFF246E501000D531DB /* Virtual_Tourist.xcdatamodeld in Sources */,
				5B7D1D14246E53E500D531DB /* CLLocation+Equatable.swift in Sources */,
				5B7D1CF9246E501000D531DB /* ViewController.swift in Sources */,
				5B7D1CF5246E501000D531DB /* AppDelegate.swift in Sources */,
				5B7D1CF7246E501000D531DB /* SceneDelegate.swift in Sources */,
			);
			runOnlyForDeploymentPostprocessing = 0;
		};
/* End PBXSourcesBuildPhase section */

/* Begin PBXVariantGroup section */
		5B7D1CFA246E501000D531DB /* Main.storyboard */ = {
			isa = PBXVariantGroup;
			children = (
				5B7D1CFB246E501000D531DB /* Base */,
			);
			name = Main.storyboard;
			sourceTree = "<group>";
		};
		5B7D1D02246E501500D531DB /* LaunchScreen.storyboard */ = {
			isa = PBXVariantGroup;
			children = (
				5B7D1D03246E501500D531DB /* Base */,
			);
			name = LaunchScreen.storyboard;
			sourceTree = "<group>";
		};
/* End PBXVariantGroup section */

/* Begin XCBuildConfiguration section */
		5B7D1D06246E501500D531DB /* Debug */ = {
			isa = XCBuildConfiguration;
			buildSettings = {
				ALWAYS_SEARCH_USER_PATHS = NO;
				CLANG_ANALYZER_NONNULL = YES;
				CLANG_ANALYZER_NUMBER_OBJECT_CONVERSION = YES_AGGRESSIVE;
				CLANG_CXX_LANGUAGE_STANDARD = "gnu++14";
				CLANG_CXX_LIBRARY = "libc++";
				CLANG_ENABLE_MODULES = YES;
				CLANG_ENABLE_OBJC_ARC = YES;
				CLANG_ENABLE_OBJC_WEAK = YES;
				CLANG_WARN_BLOCK_CAPTURE_AUTORELEASING = YES;
				CLANG_WARN_BOOL_CONVERSION = YES;
				CLANG_WARN_COMMA = YES;
				CLANG_WARN_CONSTANT_CONVERSION = YES;
				CLANG_WARN_DEPRECATED_OBJC_IMPLEMENTATIONS = YES;
				CLANG_WARN_DIRECT_OBJC_ISA_USAGE = YES_ERROR;
				CLANG_WARN_DOCUMENTATION_COMMENTS = YES;
				CLANG_WARN_EMPTY_BODY = YES;
				CLANG_WARN_ENUM_CONVERSION = YES;
				CLANG_WARN_INFINITE_RECURSION = YES;
				CLANG_WARN_INT_CONVERSION = YES;
				CLANG_WARN_NON_LITERAL_NULL_CONVERSION = YES;
				CLANG_WARN_OBJC_IMPLICIT_RETAIN_SELF = YES;
				CLANG_WARN_OBJC_LITERAL_CONVERSION = YES;
				CLANG_WARN_OBJC_ROOT_CLASS = YES_ERROR;
				CLANG_WARN_RANGE_LOOP_ANALYSIS = YES;
				CLANG_WARN_STRICT_PROTOTYPES = YES;
				CLANG_WARN_SUSPICIOUS_MOVE = YES;
				CLANG_WARN_UNGUARDED_AVAILABILITY = YES_AGGRESSIVE;
				CLANG_WARN_UNREACHABLE_CODE = YES;
				CLANG_WARN__DUPLICATE_METHOD_MATCH = YES;
				COPY_PHASE_STRIP = NO;
				DEBUG_INFORMATION_FORMAT = dwarf;
				ENABLE_STRICT_OBJC_MSGSEND = YES;
				ENABLE_TESTABILITY = YES;
				GCC_C_LANGUAGE_STANDARD = gnu11;
				GCC_DYNAMIC_NO_PIC = NO;
				GCC_NO_COMMON_BLOCKS = YES;
				GCC_OPTIMIZATION_LEVEL = 0;
				GCC_PREPROCESSOR_DEFINITIONS = (
					"DEBUG=1",
					"$(inherited)",
				);
				GCC_WARN_64_TO_32_BIT_CONVERSION = YES;
				GCC_WARN_ABOUT_RETURN_TYPE = YES_ERROR;
				GCC_WARN_UNDECLARED_SELECTOR = YES;
				GCC_WARN_UNINITIALIZED_AUTOS = YES_AGGRESSIVE;
				GCC_WARN_UNUSED_FUNCTION = YES;
				GCC_WARN_UNUSED_VARIABLE = YES;
				IPHONEOS_DEPLOYMENT_TARGET = 13.4;
				MTL_ENABLE_DEBUG_INFO = INCLUDE_SOURCE;
				MTL_FAST_MATH = YES;
				ONLY_ACTIVE_ARCH = YES;
				SDKROOT = iphoneos;
				SWIFT_ACTIVE_COMPILATION_CONDITIONS = DEBUG;
				SWIFT_OPTIMIZATION_LEVEL = "-Onone";
			};
			name = Debug;
		};
		5B7D1D07246E501500D531DB /* Release */ = {
			isa = XCBuildConfiguration;
			buildSettings = {
				ALWAYS_SEARCH_USER_PATHS = NO;
				CLANG_ANALYZER_NONNULL = YES;
				CLANG_ANALYZER_NUMBER_OBJECT_CONVERSION = YES_AGGRESSIVE;
				CLANG_CXX_LANGUAGE_STANDARD = "gnu++14";
				CLANG_CXX_LIBRARY = "libc++";
				CLANG_ENABLE_MODULES = YES;
				CLANG_ENABLE_OBJC_ARC = YES;
				CLANG_ENABLE_OBJC_WEAK = YES;
				CLANG_WARN_BLOCK_CAPTURE_AUTORELEASING = YES;
				CLANG_WARN_BOOL_CONVERSION = YES;
				CLANG_WARN_COMMA = YES;
				CLANG_WARN_CONSTANT_CONVERSION = YES;
				CLANG_WARN_DEPRECATED_OBJC_IMPLEMENTATIONS = YES;
				CLANG_WARN_DIRECT_OBJC_ISA_USAGE = YES_ERROR;
				CLANG_WARN_DOCUMENTATION_COMMENTS = YES;
				CLANG_WARN_EMPTY_BODY = YES;
				CLANG_WARN_ENUM_CONVERSION = YES;
				CLANG_WARN_INFINITE_RECURSION = YES;
				CLANG_WARN_INT_CONVERSION = YES;
				CLANG_WARN_NON_LITERAL_NULL_CONVERSION = YES;
				CLANG_WARN_OBJC_IMPLICIT_RETAIN_SELF = YES;
				CLANG_WARN_OBJC_LITERAL_CONVERSION = YES;
				CLANG_WARN_OBJC_ROOT_CLASS = YES_ERROR;
				CLANG_WARN_RANGE_LOOP_ANALYSIS = YES;
				CLANG_WARN_STRICT_PROTOTYPES = YES;
				CLANG_WARN_SUSPICIOUS_MOVE = YES;
				CLANG_WARN_UNGUARDED_AVAILABILITY = YES_AGGRESSIVE;
				CLANG_WARN_UNREACHABLE_CODE = YES;
				CLANG_WARN__DUPLICATE_METHOD_MATCH = YES;
				COPY_PHASE_STRIP = NO;
				DEBUG_INFORMATION_FORMAT = "dwarf-with-dsym";
				ENABLE_NS_ASSERTIONS = NO;
				ENABLE_STRICT_OBJC_MSGSEND = YES;
				GCC_C_LANGUAGE_STANDARD = gnu11;
				GCC_NO_COMMON_BLOCKS = YES;
				GCC_WARN_64_TO_32_BIT_CONVERSION = YES;
				GCC_WARN_ABOUT_RETURN_TYPE = YES_ERROR;
				GCC_WARN_UNDECLARED_SELECTOR = YES;
				GCC_WARN_UNINITIALIZED_AUTOS = YES_AGGRESSIVE;
				GCC_WARN_UNUSED_FUNCTION = YES;
				GCC_WARN_UNUSED_VARIABLE = YES;
				IPHONEOS_DEPLOYMENT_TARGET = 13.4;
				MTL_ENABLE_DEBUG_INFO = NO;
				MTL_FAST_MATH = YES;
				SDKROOT = iphoneos;
				SWIFT_COMPILATION_MODE = wholemodule;
				SWIFT_OPTIMIZATION_LEVEL = "-O";
				VALIDATE_PRODUCT = YES;
			};
			name = Release;
		};
		5B7D1D09246E501500D531DB /* Debug */ = {
			isa = XCBuildConfiguration;
			buildSettings = {
				ASSETCATALOG_COMPILER_APPICON_NAME = AppIcon;
				CODE_SIGN_STYLE = Automatic;
				DEVELOPMENT_TEAM = F8CHS6PHQS;
				INFOPLIST_FILE = "Virtual Tourist/Info.plist";
				LD_RUNPATH_SEARCH_PATHS = (
					"$(inherited)",
					"@executable_path/Frameworks",
				);
				PRODUCT_BUNDLE_IDENTIFIER = "ak.Virtual-Tourist";
				PRODUCT_NAME = "$(TARGET_NAME)";
				SWIFT_VERSION = 5.0;
				TARGETED_DEVICE_FAMILY = "1,2";
			};
			name = Debug;
		};
		5B7D1D0A246E501500D531DB /* Release */ = {
			isa = XCBuildConfiguration;
			buildSettings = {
				ASSETCATALOG_COMPILER_APPICON_NAME = AppIcon;
				CODE_SIGN_STYLE = Automatic;
				DEVELOPMENT_TEAM = F8CHS6PHQS;
				INFOPLIST_FILE = "Virtual Tourist/Info.plist";
				LD_RUNPATH_SEARCH_PATHS = (
					"$(inherited)",
					"@executable_path/Frameworks",
				);
				PRODUCT_BUNDLE_IDENTIFIER = "ak.Virtual-Tourist";
				PRODUCT_NAME = "$(TARGET_NAME)";
				SWIFT_VERSION = 5.0;
				TARGETED_DEVICE_FAMILY = "1,2";
			};
			name = Release;
		};
/* End XCBuildConfiguration section */

/* Begin XCConfigurationList section */
		5B7D1CEC246E501000D531DB /* Build configuration list for PBXProject "Virtual Tourist" */ = {
			isa = XCConfigurationList;
			buildConfigurations = (
				5B7D1D06246E501500D531DB /* Debug */,
				5B7D1D07246E501500D531DB /* Release */,
			);
			defaultConfigurationIsVisible = 0;
			defaultConfigurationName = Release;
		};
		5B7D1D08246E501500D531DB /* Build configuration list for PBXNativeTarget "Virtual Tourist" */ = {
			isa = XCConfigurationList;
			buildConfigurations = (
				5B7D1D09246E501500D531DB /* Debug */,
				5B7D1D0A246E501500D531DB /* Release */,
			);
			defaultConfigurationIsVisible = 0;
			defaultConfigurationName = Release;
		};
/* End XCConfigurationList section */

/* Begin XCVersionGroup section */
		5B7D1CFD246E501000D531DB /* Virtual_Tourist.xcdatamodeld */ = {
			isa = XCVersionGroup;
			children = (
				5B7D1CFE246E501000D531DB /* Virtual_Tourist.xcdatamodel */,
			);
			currentVersion = 5B7D1CFE246E501000D531DB /* Virtual_Tourist.xcdatamodel */;
			path = Virtual_Tourist.xcdatamodeld;
			sourceTree = "<group>";
			versionGroupType = wrapper.xcdatamodel;
		};
/* End XCVersionGroup section */
	};
	rootObject = 5B7D1CE9246E501000D531DB /* Project object */;
}
